
Microsoft Visual Studio Solution File, Format Version 12.00
# Visual Studio Version 16
VisualStudioVersion = 25.0.1704.2
MinimumVisualStudioVersion = 10.0.40219.1
Project("{FAE04EC0-301F-11D3-BF4B-00C04F79EFBC}") = "Calculator", "Calculator\Calculator.csproj", "{A34136A7-F86C-4284-A31F-8595BDAE9578}"
EndProject
Global
	GlobalSection(SolutionConfigurationPlatforms) = preSolution
		Debug|Any CPU = Debug|Any CPU
		Release|Any CPU = Release|Any CPU
	EndGlobalSection
	GlobalSection(ProjectConfigurationPlatforms) = postSolution
		{A34136A7-F86C-4284-A31F-8595BDAE9578}.Debug|Any CPU.ActiveCfg = Debug|Any CPU
		{A34136A7-F86C-4284-A31F-8595BDAE9578}.Debug|Any CPU.Build.0 = Debug|Any CPU
		{A34136A7-F86C-4284-A31F-8595BDAE9578}.Release|Any CPU.ActiveCfg = Release|Any CPU
		{A34136A7-F86C-4284-A31F-8595BDAE9578}.Release|Any CPU.Build.0 = Release|Any CPU
	EndGlobalSection
	GlobalSection(SolutionProperties) = preSolution
		HideSolutionNode = FALSE
	EndGlobalSection
	GlobalSection(ExtensibilityGlobals) = postSolution
		SolutionGuid = {162A29B8-7113-486C-A16A-B73C838F1C2B}
	EndGlobalSection
EndGlobal
